
Microsoft Visual Studio Solution File, Format Version 12.00
# Visual Studio Version 17
VisualStudioVersion = 17.4.33205.214
MinimumVisualStudioVersion = 10.0.40219.1
Project("{FAE04EC0-301F-11D3-BF4B-00C04F79EFBC}") = "EntityFrameworkCode", "EntityFrameworkCode\EntityFrameworkCode.csproj", "{F6C6944F-E600-44C0-91FD-4909FE93AE8E}"
EndProject
Global
	GlobalSection(SolutionConfigurationPlatforms) = preSolution
		Debug|Any CPU = Debug|Any CPU
		Release|Any CPU = Release|Any CPU
	EndGlobalSection
	GlobalSection(ProjectConfigurationPlatforms) = postSolution
		{F6C6944F-E600-44C0-91FD-4909FE93AE8E}.Debug|Any CPU.ActiveCfg = Debug|Any CPU
		{F6C6944F-E600-44C0-91FD-4909FE93AE8E}.Debug|Any CPU.Build.0 = Debug|Any CPU
		{F6C6944F-E600-44C0-91FD-4909FE93AE8E}.Release|Any CPU.ActiveCfg = Release|Any CPU
		{F6C6944F-E600-44C0-91FD-4909FE93AE8E}.Release|Any CPU.Build.0 = Release|Any CPU
	EndGlobalSection
	GlobalSection(SolutionProperties) = preSolution
		HideSolutionNode = FALSE
	EndGlobalSection
	GlobalSection(ExtensibilityGlobals) = postSolution
		SolutionGuid = {74ECF366-D235-4C73-8669-2446A956CF14}
	EndGlobalSection
EndGlobal
